
Microsoft Visual Studio Solution File, Format Version 12.00
# Visual Studio Express 2012 for Windows Desktop
Project("{FAE04EC0-301F-11D3-BF4B-00C04F79EFBC}") = "HangmanClient", "HangmanClient\HangmanClient.csproj", "{97FEE21C-7829-4234-A401-EC37212229E3}"
EndProject
Project("{FAE04EC0-301F-11D3-BF4B-00C04F79EFBC}") = "HangmanServer", "HangmanServer\HangmanServer.csproj", "{6EE337A6-0E78-42E7-AEFC-7B2C717FE484}"
EndProject
Project("{FAE04EC0-301F-11D3-BF4B-00C04F79EFBC}") = "HangmanContract", "HangmanContract\HangmanContract.csproj", "{6FFD2E0A-44DC-4B52-BFC3-B1D2193C8080}"
EndProject
Global
	GlobalSection(SolutionConfigurationPlatforms) = preSolution
		Debug|Any CPU = Debug|Any CPU
		Debug|Mixed Platforms = Debug|Mixed Platforms
		Debug|x86 = Debug|x86
		Release|Any CPU = Release|Any CPU
		Release|Mixed Platforms = Release|Mixed Platforms
		Release|x86 = Release|x86
	EndGlobalSection
	GlobalSection(ProjectConfigurationPlatforms) = postSolution
		{97FEE21C-7829-4234-A401-EC37212229E3}.Debug|Any CPU.ActiveCfg = Debug|Any CPU
		{97FEE21C-7829-4234-A401-EC37212229E3}.Debug|Any CPU.Build.0 = Debug|Any CPU
		{97FEE21C-7829-4234-A401-EC37212229E3}.Debug|Mixed Platforms.ActiveCfg = Debug|Any CPU
		{97FEE21C-7829-4234-A401-EC37212229E3}.Debug|Mixed Platforms.Build.0 = Debug|Any CPU
		{97FEE21C-7829-4234-A401-EC37212229E3}.Debug|x86.ActiveCfg = Debug|Any CPU
		{97FEE21C-7829-4234-A401-EC37212229E3}.Release|Any CPU.ActiveCfg = Release|Any CPU
		{97FEE21C-7829-4234-A401-EC37212229E3}.Release|Any CPU.Build.0 = Release|Any CPU
		{97FEE21C-7829-4234-A401-EC37212229E3}.Release|Mixed Platforms.ActiveCfg = Release|Any CPU
		{97FEE21C-7829-4234-A401-EC37212229E3}.Release|Mixed Platforms.Build.0 = Release|Any CPU
		{97FEE21C-7829-4234-A401-EC37212229E3}.Release|x86.ActiveCfg = Release|Any CPU
		{6EE337A6-0E78-42E7-AEFC-7B2C717FE484}.Debug|Any CPU.ActiveCfg = Debug|Any CPU
		{6EE337A6-0E78-42E7-AEFC-7B2C717FE484}.Debug|Any CPU.Build.0 = Debug|Any CPU
		{6EE337A6-0E78-42E7-AEFC-7B2C717FE484}.Debug|Mixed Platforms.ActiveCfg = Debug|Any CPU
		{6EE337A6-0E78-42E7-AEFC-7B2C717FE484}.Debug|Mixed Platforms.Build.0 = Debug|Any CPU
		{6EE337A6-0E78-42E7-AEFC-7B2C717FE484}.Debug|x86.ActiveCfg = Debug|Any CPU
		{6EE337A6-0E78-42E7-AEFC-7B2C717FE484}.Release|Any CPU.ActiveCfg = Release|Any CPU
		{6EE337A6-0E78-42E7-AEFC-7B2C717FE484}.Release|Any CPU.Build.0 = Release|Any CPU
		{6EE337A6-0E78-42E7-AEFC-7B2C717FE484}.Release|Mixed Platforms.ActiveCfg = Release|Any CPU
		{6EE337A6-0E78-42E7-AEFC-7B2C717FE484}.Release|Mixed Platforms.Build.0 = Release|Any CPU
		{6EE337A6-0E78-42E7-AEFC-7B2C717FE484}.Release|x86.ActiveCfg = Release|Any CPU
		{6FFD2E0A-44DC-4B52-BFC3-B1D2193C8080}.Debug|Any CPU.ActiveCfg = Debug|Any CPU
		{6FFD2E0A-44DC-4B52-BFC3-B1D2193C8080}.Debug|Any CPU.Build.0 = Debug|Any CPU
		{6FFD2E0A-44DC-4B52-BFC3-B1D2193C8080}.Debug|Mixed Platforms.ActiveCfg = Debug|Any CPU
		{6FFD2E0A-44DC-4B52-BFC3-B1D2193C8080}.Debug|Mixed Platforms.Build.0 = Debug|Any CPU
		{6FFD2E0A-44DC-4B52-BFC3-B1D2193C8080}.Debug|x86.ActiveCfg = Debug|Any CPU
		{6FFD2E0A-44DC-4B52-BFC3-B1D2193C8080}.Release|Any CPU.ActiveCfg = Release|Any CPU
		{6FFD2E0A-44DC-4B52-BFC3-B1D2193C8080}.Release|Any CPU.Build.0 = Release|Any CPU
		{6FFD2E0A-44DC-4B52-BFC3-B1D2193C8080}.Release|Mixed Platforms.ActiveCfg = Release|Any CPU
		{6FFD2E0A-44DC-4B52-BFC3-B1D2193C8080}.Release|Mixed Platforms.Build.0 = Release|Any CPU
		{6FFD2E0A-44DC-4B52-BFC3-B1D2193C8080}.Release|x86.ActiveCfg = Release|Any CPU
	EndGlobalSection
	GlobalSection(SolutionProperties) = preSolution
		HideSolutionNode = FALSE
	EndGlobalSection
EndGlobal
